# This file is automatically @generated by Poetry 1.8.2 and should not be changed by hand.

[[package]]
name = "build"
version = "1.2.1"
description = "A simple, correct Python build frontend"
optional = false
python-versions = ">=3.8"
files = [
    {file = "build-1.2.1-py3-none-any.whl", hash = "sha256:75e10f767a433d9a86e50d83f418e83efc18ede923ee5ff7df93b6cb0306c5d4"},
    {file = "build-1.2.1.tar.gz", hash = "sha256:526263f4870c26f26c433545579475377b2b7588b6f1eac76a001e873ae3e19d"},
]

[package.dependencies]
colorama = {version = "*", markers = "os_name == \"nt\""}
packaging = ">=19.1"
pyproject_hooks = "*"

[package.extras]
docs = ["furo (>=2023.08.17)", "sphinx (>=7.0,<8.0)", "sphinx-argparse-cli (>=1.5)", "sphinx-autodoc-typehints (>=1.10)", "sphinx-issues (>=3.0.0)"]
test = ["build[uv,virtualenv]", "filelock (>=3)", "pytest (>=6.2.4)", "pytest-cov (>=2.12)", "pytest-mock (>=2)", "pytest-rerunfailures (>=9.1)", "pytest-xdist (>=1.34)", "setuptools (>=42.0.0)", "setuptools (>=56.0.0)", "setuptools (>=56.0.0)", "setuptools (>=67.8.0)", "wheel (>=0.36.0)"]
typing = ["build[uv]", "importlib-metadata (>=5.1)", "mypy (>=1.9.0,<1.10.0)", "tomli", "typing-extensions (>=3.7.4.3)"]
uv = ["uv (>=0.1.18)"]
virtualenv = ["virtualenv (>=20.0.35)"]

[[package]]
name = "colorama"
version = "0.4.6"
description = "Cross-platform colored terminal text."
optional = false
python-versions = "!=3.0.*,!=3.1.*,!=3.2.*,!=3.3.*,!=3.4.*,!=3.5.*,!=3.6.*,>=2.7"
files = [
    {file = "colorama-0.4.6-py2.py3-none-any.whl", hash = "sha256:4f1d9991f5acc0ca119f9d443620b77f9d6b33703e51011c16baf57afb285fc6"},
    {file = "colorama-0.4.6.tar.gz", hash = "sha256:08695f5cb7ed6e0531a20572697297273c47b8cae5a63ffc6d6ed5c201be6e44"},
]

[[package]]
name = "cython"
version = "0.29.33"
description = "The Cython compiler for writing C extensions for the Python language."
optional = false
python-versions = ">=2.6, !=3.0.*, !=3.1.*, !=3.2.*"
files = [
    {file = "Cython-0.29.33-cp27-cp27m-manylinux_2_5_i686.manylinux1_i686.whl", hash = "sha256:286cdfb193e23799e113b7bd5ac74f58da5e9a77c70e3b645b078836b896b165"},
    {file = "Cython-0.29.33-cp27-cp27m-manylinux_2_5_x86_64.manylinux1_x86_64.whl", hash = "sha256:8507279a4f86ed8365b96603d5ad155888d4d01b72a9bbf0615880feda5a11d4"},
    {file = "Cython-0.29.33-cp27-cp27mu-manylinux_2_5_i686.manylinux1_i686.whl", hash = "sha256:5bf5ffd96957a595441cca2fc78470d93fdc40dfe5449881b812ea6045d7e9be"},
    {file = "Cython-0.29.33-cp27-cp27mu-manylinux_2_5_x86_64.manylinux1_x86_64.whl", hash = "sha256:d2019a7e54ba8b253f44411863b8f8c0b6cd623f7a92dc0ccb83892358c4283a"},
    {file = "Cython-0.29.33-cp310-cp310-manylinux_2_17_aarch64.manylinux2014_aarch64.manylinux_2_24_aarch64.whl", hash = "sha256:190e60b7505d3b9b60130bcc2251c01b9ef52603420829c19d3c3ede4ac2763a"},
    {file = "Cython-0.29.33-cp310-cp310-manylinux_2_17_x86_64.manylinux2014_x86_64.manylinux_2_24_x86_64.whl", hash = "sha256:0168482495b75fea1c97a9641a95bac991f313e85f378003f9a4909fdeb3d454"},
    {file = "Cython-0.29.33-cp310-cp310-manylinux_2_5_i686.manylinux1_i686.manylinux_2_24_i686.whl", hash = "sha256:090556e41f2b30427dd3a1628d3613177083f47567a30148b6b7b8c7a5862187"},
    {file = "Cython-0.29.33-cp310-cp310-musllinux_1_1_x86_64.whl", hash = "sha256:19c9913e9304bf97f1d2c357438895466f99aa2707d3c7a5e9de60c259e1ca1d"},
    {file = "Cython-0.29.33-cp311-cp311-manylinux_2_17_aarch64.manylinux2014_aarch64.manylinux_2_24_aarch64.whl", hash = "sha256:afc9b6ab20889676c76e700ae6967aa6886a7efe5b05ef6d5b744a6ca793cc43"},
    {file = "Cython-0.29.33-cp311-cp311-manylinux_2_17_x86_64.manylinux2014_x86_64.manylinux_2_24_x86_64.whl", hash = "sha256:49fb45b2bf12d6e2060bbd64506c06ac90e254f3a4bceb32c717f4964a1ae812"},
    {file = "Cython-0.29.33-cp311-cp311-manylinux_2_5_i686.manylinux1_i686.manylinux_2_24_i686.whl", hash = "sha256:5430f38d3d01c4715ec2aef5c41e02a2441c1c3a0149359c7a498e4c605b8e6c"},
    {file = "Cython-0.29.33-cp311-cp311-musllinux_1_1_x86_64.whl", hash = "sha256:c4d315443c7f4c61180b6c3ea9a9717ee7c901cc9db8d1d46fdf6556613840ed"},
    {file = "Cython-0.29.33-cp35-cp35m-manylinux_2_5_i686.manylinux1_i686.whl", hash = "sha256:6b4e6481e3e7e4d345640fe2fdc6dc57c94369b467f3dc280949daa8e9fd13b9"},
    {file = "Cython-0.29.33-cp35-cp35m-manylinux_2_5_x86_64.manylinux1_x86_64.whl", hash = "sha256:060a2568ef80116a0a9dcaf3218a61c6007be0e0b77c5752c094ce5187a4d63c"},
    {file = "Cython-0.29.33-cp36-cp36m-manylinux_2_17_aarch64.manylinux2014_aarch64.manylinux_2_24_aarch64.whl", hash = "sha256:b67ddd32eaa2932a66bf8121accc36a7b3078593805519b0f00040f2b10a6a52"},
    {file = "Cython-0.29.33-cp36-cp36m-manylinux_2_17_x86_64.manylinux2014_x86_64.manylinux_2_24_x86_64.whl", hash = "sha256:1b507236ba3ca94170ce0a504dd03acf77307d4bfbc5a010a8031673f6b213a9"},
    {file = "Cython-0.29.33-cp36-cp36m-manylinux_2_5_i686.manylinux1_i686.manylinux_2_24_i686.whl", hash = "sha256:581efc0622a9be05714222f2b4ac96a5419de58d5949517282d8df38155c8b9d"},
    {file = "Cython-0.29.33-cp36-cp36m-manylinux_2_5_i686.manylinux1_i686.whl", hash = "sha256:6b8bcbf8f1c3c46d6184be1e559e3a3fb8cdf27c6d507d8bc8ae04cfcbfd75f5"},
    {file = "Cython-0.29.33-cp36-cp36m-manylinux_2_5_x86_64.manylinux1_x86_64.whl", hash = "sha256:1ca93bbe584aee92094fd4fb6acc5cb6500acf98d4f57cc59244f0a598b0fcf6"},
    {file = "Cython-0.29.33-cp36-cp36m-musllinux_1_1_x86_64.whl", hash = "sha256:da490129e1e4ffaf3f88bfb46d338549a2150f60f809a63d385b83e00960d11a"},
    {file = "Cython-0.29.33-cp37-cp37m-manylinux_2_17_aarch64.manylinux2014_aarch64.manylinux_2_24_aarch64.whl", hash = "sha256:4cadf5250eda0c5cdaf4c3a29b52be3e0695f4a2bf1ccd49b638d239752ea513"},
    {file = "Cython-0.29.33-cp37-cp37m-manylinux_2_17_x86_64.manylinux2014_x86_64.manylinux_2_24_x86_64.whl", hash = "sha256:bcb1a84fd2bd7885d572adc180e24fd8a7d4b0c104c144e33ccf84a1ab4eb2b8"},
    {file = "Cython-0.29.33-cp37-cp37m-manylinux_2_5_i686.manylinux1_i686.manylinux_2_24_i686.whl", hash = "sha256:d78147ad8a3417ae6b371bbc5bfc6512f6ad4ad3fb71f5eef42e136e4ed14970"},
    {file = "Cython-0.29.33-cp37-cp37m-manylinux_2_5_i686.manylinux1_i686.whl", hash = "sha256:dd96b06b93c0e5fa4fc526c5be37c13a93e2fe7c372b5f358277ebe9e1620957"},
    {file = "Cython-0.29.33-cp37-cp37m-manylinux_2_5_x86_64.manylinux1_x86_64.whl", hash = "sha256:959f0092d58e7fa00fd3434f7ff32fb78be7c2fa9f8e0096326343159477fe45"},
    {file = "Cython-0.29.33-cp37-cp37m-musllinux_1_1_x86_64.whl", hash = "sha256:0455d5b92f461218bcf173a149a88b7396c3a109066274ccab5eff58db0eae32"},
    {file = "Cython-0.29.33-cp38-cp38-manylinux_2_17_aarch64.manylinux2014_aarch64.manylinux_2_24_aarch64.whl", hash = "sha256:a9b0b890656e9d18a18e1efe26ea3d2d0f3e525a07a2a853592b0afc56a15c89"},
    {file = "Cython-0.29.33-cp38-cp38-manylinux_2_17_x86_64.manylinux2014_x86_64.manylinux_2_24_x86_64.whl", hash = "sha256:b5e8ce3039ff64000d58cd45b3f6f83e13f032dde7f27bb1ab96070d9213550b"},
    {file = "Cython-0.29.33-cp38-cp38-manylinux_2_5_i686.manylinux1_i686.manylinux_2_24_i686.whl", hash = "sha256:e8922fa3d7e76b7186bbd0810e170ca61f83661ab1b29dc75e88ff2327aaf49d"},
    {file = "Cython-0.29.33-cp38-cp38-manylinux_2_5_i686.manylinux1_i686.whl", hash = "sha256:f67b7306fd00d55f271009335cecadc506d144205c7891070aad889928d85750"},
    {file = "Cython-0.29.33-cp38-cp38-manylinux_2_5_x86_64.manylinux1_x86_64.whl", hash = "sha256:f271f90005064c49b47a93f456dc6cf0a21d21ef835bd33ac1e0db10ad51f84f"},
    {file = "Cython-0.29.33-cp38-cp38-musllinux_1_1_x86_64.whl", hash = "sha256:d4457d417ffbb94abc42adcd63a03b24ff39cf090f3e9eca5e10cfb90766cbe3"},
    {file = "Cython-0.29.33-cp39-cp39-manylinux_2_17_aarch64.manylinux2014_aarch64.manylinux_2_24_aarch64.whl", hash = "sha256:0b53e017522feb8dcc2189cf1d2d344bab473c5bba5234390b5666d822992c7c"},
    {file = "Cython-0.29.33-cp39-cp39-manylinux_2_17_x86_64.manylinux2014_x86_64.manylinux_2_24_x86_64.whl", hash = "sha256:4f88c2dc0653eef6468848eb8022faf64115b39734f750a1c01a7ba7eb04d89f"},
    {file = "Cython-0.29.33-cp39-cp39-manylinux_2_5_i686.manylinux1_i686.manylinux_2_24_i686.whl", hash = "sha256:1900d862a4a537d2125706740e9f3b016e80f7bbf7b54db6b3cc3d0bdf0f5c3a"},
    {file = "Cython-0.29.33-cp39-cp39-manylinux_2_5_i686.manylinux1_i686.whl", hash = "sha256:37bfca4f9f26361343d8c678f8178321e4ae5b919523eed05d2cd8ddbe6b06ec"},
    {file = "Cython-0.29.33-cp39-cp39-manylinux_2_5_x86_64.manylinux1_x86_64.whl", hash = "sha256:a9863f8238642c0b1ef8069d99da5ade03bfe2225a64b00c5ae006d95f142a73"},
    {file = "Cython-0.29.33-cp39-cp39-musllinux_1_1_x86_64.whl", hash = "sha256:1dd503408924723b0bb10c0013b76e324eeee42db6deced9b02b648f1415d94c"},
    {file = "Cython-0.29.33-py2.py3-none-any.whl", hash = "sha256:8b99252bde8ff51cd06a3fe4aeacd3af9b4ff4a4e6b701ac71bddc54f5da61d6"},
    {file = "Cython-0.29.33.tar.gz", hash = "sha256:5040764c4a4d2ce964a395da24f0d1ae58144995dab92c6b96f44c3f4d72286a"},
]

[[package]]
name = "flit-core"
version = "3.9.0"
description = "Distribution-building parts of Flit. See flit package for more information"
optional = false
python-versions = ">=3.6"
files = [
    {file = "flit_core-3.9.0-py3-none-any.whl", hash = "sha256:7aada352fb0c7f5538c4fafeddf314d3a6a92ee8e2b1de70482329e42de70301"},
    {file = "flit_core-3.9.0.tar.gz", hash = "sha256:72ad266176c4a3fcfab5f2930d76896059851240570ce9a98733b658cb786eba"},
]

[[package]]
name = "packaging"
version = "24.1"
description = "Core utilities for Python packages"
optional = false
python-versions = ">=3.8"
files = [
    {file = "packaging-24.1-py3-none-any.whl", hash = "sha256:5b8f2217dbdbd2f7f384c41c628544e6d52f2d0f53c6d0c3ea61aa5d1d7ff124"},
    {file = "packaging-24.1.tar.gz", hash = "sha256:026ed72c8ed3fcce5bf8950572258698927fd1dbda10a5e981cdf0ac37f4f002"},
]

[[package]]
name = "pip"
version = "24.1.2"
description = "The PyPA recommended tool for installing Python packages."
optional = false
python-versions = ">=3.8"
files = [
    {file = "pip-24.1.2-py3-none-any.whl", hash = "sha256:7cd207eed4c60b0f411b444cd1464198fe186671c323b6cd6d433ed80fc9d247"},
    {file = "pip-24.1.2.tar.gz", hash = "sha256:e5458a0b89f2755e0ee8c0c77613fe5273e05f337907874d64f13171a898a7ff"},
]

[[package]]
name = "pyproject-hooks"
version = "1.1.0"
description = "Wrappers to call pyproject.toml-based build backend hooks."
optional = false
python-versions = ">=3.7"
files = [
    {file = "pyproject_hooks-1.1.0-py3-none-any.whl", hash = "sha256:7ceeefe9aec63a1064c18d939bdc3adf2d8aa1988a510afec15151578b232aa2"},
    {file = "pyproject_hooks-1.1.0.tar.gz", hash = "sha256:4b37730834edbd6bd37f26ece6b44802fb1c1ee2ece0e54ddff8bfc06db86965"},
]

[[package]]
name = "pytest-runner"
version = "5.3.0"
description = "Invoke py.test as distutils command with dependency resolution"
optional = false
python-versions = ">=3.6"
files = [
    {file = "pytest-runner-5.3.0.tar.gz", hash = "sha256:ca3f58ff4957e8be6c54c55d575b235725cbbcf4dc0d5091c29c6444cfc8a5fe"},
    {file = "pytest_runner-5.3.0-py3-none-any.whl", hash = "sha256:448959d9ada752de2b369cf05c1c0f9e6d2027e7d32441187c16c24c1d4d6e77"},
]

[package.extras]
docs = ["jaraco.packaging (>=8.2)", "rst.linker (>=1.9)", "sphinx"]
testing = ["pytest (>=3.5,!=3.7.3)", "pytest-black (>=0.3.7)", "pytest-checkdocs (>=1.2.3)", "pytest-cov", "pytest-enabler", "pytest-flake8", "pytest-mypy", "pytest-virtualenv"]

[[package]]
name = "setuptools"
version = "70.3.0"
description = "Easily download, build, install, upgrade, and uninstall Python packages"
optional = false
python-versions = ">=3.8"
files = [
    {file = "setuptools-70.3.0-py3-none-any.whl", hash = "sha256:fe384da74336c398e0d956d1cae0669bc02eed936cdb1d49b57de1990dc11ffc"},
    {file = "setuptools-70.3.0.tar.gz", hash = "sha256:f171bab1dfbc86b132997f26a119f6056a57950d058587841a0082e8830f9dc5"},
]

[package.extras]
doc = ["furo", "jaraco.packaging (>=9.3)", "jaraco.tidelift (>=1.4)", "pygments-github-lexers (==0.0.5)", "pyproject-hooks (!=1.1)", "rst.linker (>=1.9)", "sphinx (>=3.5)", "sphinx-favicon", "sphinx-inline-tabs", "sphinx-lint", "sphinx-notfound-page (>=1,<2)", "sphinx-reredirects", "sphinxcontrib-towncrier"]
test = ["build[virtualenv] (>=1.0.3)", "filelock (>=3.4.0)", "importlib-metadata", "ini2toml[lite] (>=0.14)", "jaraco.develop (>=7.21)", "jaraco.envs (>=2.2)", "jaraco.path (>=3.2.0)", "jaraco.test", "mypy (==1.10.0)", "packaging (>=23.2)", "pip (>=19.1)", "pyproject-hooks (!=1.1)", "pytest (>=6,!=8.1.*)", "pytest-checkdocs (>=2.4)", "pytest-cov", "pytest-enabler (>=2.2)", "pytest-home (>=0.5)", "pytest-mypy", "pytest-perf", "pytest-ruff (>=0.3.2)", "pytest-subprocess", "pytest-timeout", "pytest-xdist (>=3)", "tomli", "tomli-w (>=1.0.0)", "virtualenv (>=13.0.0)", "wheel"]

[[package]]
name = "setuptools-scm"
version = "8.1.0"
description = "the blessed package to manage your versions by scm tags"
optional = false
python-versions = ">=3.8"
files = [
    {file = "setuptools_scm-8.1.0-py3-none-any.whl", hash = "sha256:897a3226a6fd4a6eb2f068745e49733261a21f70b1bb28fce0339feb978d9af3"},
    {file = "setuptools_scm-8.1.0.tar.gz", hash = "sha256:42dea1b65771cba93b7a515d65a65d8246e560768a66b9106a592c8e7f26c8a7"},
]

[package.dependencies]
packaging = ">=20"
setuptools = "*"

[package.extras]
docs = ["entangled-cli (>=2.0,<3.0)", "mkdocs", "mkdocs-entangled-plugin", "mkdocs-material", "mkdocstrings[python]", "pygments"]
rich = ["rich"]
test = ["build", "pytest", "rich", "typing-extensions", "wheel"]

[[package]]
name = "wheel"
version = "0.36.2"
description = "A built-package format for Python"
optional = false
python-versions = "!=3.0.*,!=3.1.*,!=3.2.*,!=3.3.*,!=3.4.*,>=2.7"
files = [
    {file = "wheel-0.36.2-py2.py3-none-any.whl", hash = "sha256:78b5b185f0e5763c26ca1e324373aadd49182ca90e825f7853f4b2509215dc0e"},
    {file = "wheel-0.36.2.tar.gz", hash = "sha256:e11eefd162658ea59a60a0f6c7d493a7190ea4b9a85e335b33489d9f17e0245e"},
]

[package.extras]
test = ["pytest (>=3.0.0)", "pytest-cov"]

[metadata]
lock-version = "2.0"
python-versions = "^3.11"
content-hash = "4c3757349dc781b77a3f83b0aa1d166107dd3f855c40d988b62a29ad96e9f6cf"
