# This file is automatically @generated by Poetry 1.6.1 and should not be changed by hand.

[[package]]
name = "build"
version = "0.3.0"
description = "A simple, correct PEP517 package builder"
optional = false
python-versions = "!=3.0.*,!=3.1.*,!=3.2.*,!=3.3.*,!=3.4.*,>=2.7"
files = [
    {file = "build-0.3.0-py2.py3-none-any.whl", hash = "sha256:75bc5676b1a014fb996dc96914428b197d174364392a46778200d5e115ffe76c"},
    {file = "build-0.3.0.tar.gz", hash = "sha256:0eb95b2c8d770d7c4c9b92c68c227c350bbf65f3ec83551ace9097c18cc15fdd"},
]

[package.dependencies]
packaging = "*"
pep517 = ">=0.9"
toml = "*"

[package.extras]
docs = ["furo (>=2020.11.19b18)", "sphinx (>=3.0,<4.0)", "sphinx-argparse-cli (>=1.5)", "sphinx-autodoc-typehints (>=1.10)"]
test = ["filelock (>=3)", "pytest (>=4)", "pytest-cov (>=2)", "pytest-mock (>=2)", "pytest-xdist (>=1.34)"]
typing = ["mypy (==0.800)", "typing-extensions (>=3.7.4.3)"]
virtualenv = ["virtualenv (>=20.0.35)"]

[[package]]
name = "cython"
version = "0.29.33"
description = "The Cython compiler for writing C extensions for the Python language."
optional = false
python-versions = ">=2.6, !=3.0.*, !=3.1.*, !=3.2.*"
files = [
    {file = "Cython-0.29.33-cp27-cp27m-manylinux_2_5_i686.manylinux1_i686.whl", hash = "sha256:286cdfb193e23799e113b7bd5ac74f58da5e9a77c70e3b645b078836b896b165"},
    {file = "Cython-0.29.33-cp27-cp27m-manylinux_2_5_x86_64.manylinux1_x86_64.whl", hash = "sha256:8507279a4f86ed8365b96603d5ad155888d4d01b72a9bbf0615880feda5a11d4"},
    {file = "Cython-0.29.33-cp27-cp27mu-manylinux_2_5_i686.manylinux1_i686.whl", hash = "sha256:5bf5ffd96957a595441cca2fc78470d93fdc40dfe5449881b812ea6045d7e9be"},
    {file = "Cython-0.29.33-cp27-cp27mu-manylinux_2_5_x86_64.manylinux1_x86_64.whl", hash = "sha256:d2019a7e54ba8b253f44411863b8f8c0b6cd623f7a92dc0ccb83892358c4283a"},
    {file = "Cython-0.29.33-cp310-cp310-manylinux_2_17_aarch64.manylinux2014_aarch64.manylinux_2_24_aarch64.whl", hash = "sha256:190e60b7505d3b9b60130bcc2251c01b9ef52603420829c19d3c3ede4ac2763a"},
    {file = "Cython-0.29.33-cp310-cp310-manylinux_2_17_x86_64.manylinux2014_x86_64.manylinux_2_24_x86_64.whl", hash = "sha256:0168482495b75fea1c97a9641a95bac991f313e85f378003f9a4909fdeb3d454"},
    {file = "Cython-0.29.33-cp310-cp310-manylinux_2_5_i686.manylinux1_i686.manylinux_2_24_i686.whl", hash = "sha256:090556e41f2b30427dd3a1628d3613177083f47567a30148b6b7b8c7a5862187"},
    {file = "Cython-0.29.33-cp310-cp310-musllinux_1_1_x86_64.whl", hash = "sha256:19c9913e9304bf97f1d2c357438895466f99aa2707d3c7a5e9de60c259e1ca1d"},
    {file = "Cython-0.29.33-cp311-cp311-manylinux_2_17_aarch64.manylinux2014_aarch64.manylinux_2_24_aarch64.whl", hash = "sha256:afc9b6ab20889676c76e700ae6967aa6886a7efe5b05ef6d5b744a6ca793cc43"},
    {file = "Cython-0.29.33-cp311-cp311-manylinux_2_17_x86_64.manylinux2014_x86_64.manylinux_2_24_x86_64.whl", hash = "sha256:49fb45b2bf12d6e2060bbd64506c06ac90e254f3a4bceb32c717f4964a1ae812"},
    {file = "Cython-0.29.33-cp311-cp311-manylinux_2_5_i686.manylinux1_i686.manylinux_2_24_i686.whl", hash = "sha256:5430f38d3d01c4715ec2aef5c41e02a2441c1c3a0149359c7a498e4c605b8e6c"},
    {file = "Cython-0.29.33-cp311-cp311-musllinux_1_1_x86_64.whl", hash = "sha256:c4d315443c7f4c61180b6c3ea9a9717ee7c901cc9db8d1d46fdf6556613840ed"},
    {file = "Cython-0.29.33-cp35-cp35m-manylinux_2_5_i686.manylinux1_i686.whl", hash = "sha256:6b4e6481e3e7e4d345640fe2fdc6dc57c94369b467f3dc280949daa8e9fd13b9"},
    {file = "Cython-0.29.33-cp35-cp35m-manylinux_2_5_x86_64.manylinux1_x86_64.whl", hash = "sha256:060a2568ef80116a0a9dcaf3218a61c6007be0e0b77c5752c094ce5187a4d63c"},
    {file = "Cython-0.29.33-cp36-cp36m-manylinux_2_17_aarch64.manylinux2014_aarch64.manylinux_2_24_aarch64.whl", hash = "sha256:b67ddd32eaa2932a66bf8121accc36a7b3078593805519b0f00040f2b10a6a52"},
    {file = "Cython-0.29.33-cp36-cp36m-manylinux_2_17_x86_64.manylinux2014_x86_64.manylinux_2_24_x86_64.whl", hash = "sha256:1b507236ba3ca94170ce0a504dd03acf77307d4bfbc5a010a8031673f6b213a9"},
    {file = "Cython-0.29.33-cp36-cp36m-manylinux_2_5_i686.manylinux1_i686.manylinux_2_24_i686.whl", hash = "sha256:581efc0622a9be05714222f2b4ac96a5419de58d5949517282d8df38155c8b9d"},
    {file = "Cython-0.29.33-cp36-cp36m-manylinux_2_5_i686.manylinux1_i686.whl", hash = "sha256:6b8bcbf8f1c3c46d6184be1e559e3a3fb8cdf27c6d507d8bc8ae04cfcbfd75f5"},
    {file = "Cython-0.29.33-cp36-cp36m-manylinux_2_5_x86_64.manylinux1_x86_64.whl", hash = "sha256:1ca93bbe584aee92094fd4fb6acc5cb6500acf98d4f57cc59244f0a598b0fcf6"},
    {file = "Cython-0.29.33-cp36-cp36m-musllinux_1_1_x86_64.whl", hash = "sha256:da490129e1e4ffaf3f88bfb46d338549a2150f60f809a63d385b83e00960d11a"},
    {file = "Cython-0.29.33-cp37-cp37m-manylinux_2_17_aarch64.manylinux2014_aarch64.manylinux_2_24_aarch64.whl", hash = "sha256:4cadf5250eda0c5cdaf4c3a29b52be3e0695f4a2bf1ccd49b638d239752ea513"},
    {file = "Cython-0.29.33-cp37-cp37m-manylinux_2_17_x86_64.manylinux2014_x86_64.manylinux_2_24_x86_64.whl", hash = "sha256:bcb1a84fd2bd7885d572adc180e24fd8a7d4b0c104c144e33ccf84a1ab4eb2b8"},
    {file = "Cython-0.29.33-cp37-cp37m-manylinux_2_5_i686.manylinux1_i686.manylinux_2_24_i686.whl", hash = "sha256:d78147ad8a3417ae6b371bbc5bfc6512f6ad4ad3fb71f5eef42e136e4ed14970"},
    {file = "Cython-0.29.33-cp37-cp37m-manylinux_2_5_i686.manylinux1_i686.whl", hash = "sha256:dd96b06b93c0e5fa4fc526c5be37c13a93e2fe7c372b5f358277ebe9e1620957"},
    {file = "Cython-0.29.33-cp37-cp37m-manylinux_2_5_x86_64.manylinux1_x86_64.whl", hash = "sha256:959f0092d58e7fa00fd3434f7ff32fb78be7c2fa9f8e0096326343159477fe45"},
    {file = "Cython-0.29.33-cp37-cp37m-musllinux_1_1_x86_64.whl", hash = "sha256:0455d5b92f461218bcf173a149a88b7396c3a109066274ccab5eff58db0eae32"},
    {file = "Cython-0.29.33-cp38-cp38-manylinux_2_17_aarch64.manylinux2014_aarch64.manylinux_2_24_aarch64.whl", hash = "sha256:a9b0b890656e9d18a18e1efe26ea3d2d0f3e525a07a2a853592b0afc56a15c89"},
    {file = "Cython-0.29.33-cp38-cp38-manylinux_2_17_x86_64.manylinux2014_x86_64.manylinux_2_24_x86_64.whl", hash = "sha256:b5e8ce3039ff64000d58cd45b3f6f83e13f032dde7f27bb1ab96070d9213550b"},
    {file = "Cython-0.29.33-cp38-cp38-manylinux_2_5_i686.manylinux1_i686.manylinux_2_24_i686.whl", hash = "sha256:e8922fa3d7e76b7186bbd0810e170ca61f83661ab1b29dc75e88ff2327aaf49d"},
    {file = "Cython-0.29.33-cp38-cp38-manylinux_2_5_i686.manylinux1_i686.whl", hash = "sha256:f67b7306fd00d55f271009335cecadc506d144205c7891070aad889928d85750"},
    {file = "Cython-0.29.33-cp38-cp38-manylinux_2_5_x86_64.manylinux1_x86_64.whl", hash = "sha256:f271f90005064c49b47a93f456dc6cf0a21d21ef835bd33ac1e0db10ad51f84f"},
    {file = "Cython-0.29.33-cp38-cp38-musllinux_1_1_x86_64.whl", hash = "sha256:d4457d417ffbb94abc42adcd63a03b24ff39cf090f3e9eca5e10cfb90766cbe3"},
    {file = "Cython-0.29.33-cp39-cp39-manylinux_2_17_aarch64.manylinux2014_aarch64.manylinux_2_24_aarch64.whl", hash = "sha256:0b53e017522feb8dcc2189cf1d2d344bab473c5bba5234390b5666d822992c7c"},
    {file = "Cython-0.29.33-cp39-cp39-manylinux_2_17_x86_64.manylinux2014_x86_64.manylinux_2_24_x86_64.whl", hash = "sha256:4f88c2dc0653eef6468848eb8022faf64115b39734f750a1c01a7ba7eb04d89f"},
    {file = "Cython-0.29.33-cp39-cp39-manylinux_2_5_i686.manylinux1_i686.manylinux_2_24_i686.whl", hash = "sha256:1900d862a4a537d2125706740e9f3b016e80f7bbf7b54db6b3cc3d0bdf0f5c3a"},
    {file = "Cython-0.29.33-cp39-cp39-manylinux_2_5_i686.manylinux1_i686.whl", hash = "sha256:37bfca4f9f26361343d8c678f8178321e4ae5b919523eed05d2cd8ddbe6b06ec"},
    {file = "Cython-0.29.33-cp39-cp39-manylinux_2_5_x86_64.manylinux1_x86_64.whl", hash = "sha256:a9863f8238642c0b1ef8069d99da5ade03bfe2225a64b00c5ae006d95f142a73"},
    {file = "Cython-0.29.33-cp39-cp39-musllinux_1_1_x86_64.whl", hash = "sha256:1dd503408924723b0bb10c0013b76e324eeee42db6deced9b02b648f1415d94c"},
    {file = "Cython-0.29.33-py2.py3-none-any.whl", hash = "sha256:8b99252bde8ff51cd06a3fe4aeacd3af9b4ff4a4e6b701ac71bddc54f5da61d6"},
    {file = "Cython-0.29.33.tar.gz", hash = "sha256:5040764c4a4d2ce964a395da24f0d1ae58144995dab92c6b96f44c3f4d72286a"},
]

[[package]]
name = "flit-core"
version = "2.3.0"
description = "Distribution-building parts of Flit. See flit package for more information"
optional = false
python-versions = ">=2.7, !=3.0, !=3.1, !=3.2, != 3.3"
files = [
    {file = "flit_core-2.3.0-py2.py3-none-any.whl", hash = "sha256:a8f8904b534966712390e0a2e434cd33f76037730a0aaed299a286f9e18cac2b"},
    {file = "flit_core-2.3.0.tar.gz", hash = "sha256:a50bcd8bf5785e3a7d95434244f30ba693e794c5204ac1ee908fc07c4acdbf80"},
]

[package.dependencies]
pytoml = "*"

[[package]]
name = "packaging"
version = "20.9"
description = "Core utilities for Python packages"
optional = false
python-versions = ">=2.7, !=3.0.*, !=3.1.*, !=3.2.*, !=3.3.*"
files = [
    {file = "packaging-20.9-py2.py3-none-any.whl", hash = "sha256:67714da7f7bc052e064859c05c595155bd1ee9f69f76557e21f051443c20947a"},
    {file = "packaging-20.9.tar.gz", hash = "sha256:5b327ac1320dc863dca72f4514ecc086f31186744b84a230374cc1fd776feae5"},
]

[package.dependencies]
pyparsing = ">=2.0.2"

[[package]]
name = "pep517"
version = "0.9.1"
description = "Wrappers to build Python packages using PEP 517 hooks"
optional = false
python-versions = "*"
files = [
    {file = "pep517-0.9.1-py2.py3-none-any.whl", hash = "sha256:3985b91ebf576883efe5fa501f42a16de2607684f3797ddba7202b71b7d0da51"},
    {file = "pep517-0.9.1.tar.gz", hash = "sha256:aeb78601f2d1aa461960b43add204cc7955667687fbcf9cdb5170f00556f117f"},
]

[package.dependencies]
toml = "*"

[[package]]
name = "pip"
version = "21.3.1"
description = "The PyPA recommended tool for installing Python packages."
optional = false
python-versions = ">=3.6"
files = [
    {file = "pip-21.3.1-py3-none-any.whl", hash = "sha256:deaf32dcd9ab821e359cd8330786bcd077604b5c5730c0b096eda46f95c24a2d"},
    {file = "pip-21.3.1.tar.gz", hash = "sha256:fd11ba3d0fdb4c07fbc5ecbba0b1b719809420f25038f8ee3cd913d3faa3033a"},
]

[[package]]
name = "pyparsing"
version = "2.4.7"
description = "Python parsing module"
optional = false
python-versions = ">=2.6, !=3.0.*, !=3.1.*, !=3.2.*"
files = [
    {file = "pyparsing-2.4.7-py2.py3-none-any.whl", hash = "sha256:ef9d7589ef3c200abe66653d3f1ab1033c3c419ae9b9bdb1240a85b024efc88b"},
    {file = "pyparsing-2.4.7.tar.gz", hash = "sha256:c203ec8783bf771a155b207279b9bccb8dea02d8f0c9e5f8ead507bc3246ecc1"},
]

[[package]]
name = "pytest-runner"
version = "5.3.0"
description = "Invoke py.test as distutils command with dependency resolution"
optional = false
python-versions = ">=3.6"
files = [
    {file = "pytest-runner-5.3.0.tar.gz", hash = "sha256:ca3f58ff4957e8be6c54c55d575b235725cbbcf4dc0d5091c29c6444cfc8a5fe"},
    {file = "pytest_runner-5.3.0-py3-none-any.whl", hash = "sha256:448959d9ada752de2b369cf05c1c0f9e6d2027e7d32441187c16c24c1d4d6e77"},
]

[package.extras]
docs = ["jaraco.packaging (>=8.2)", "rst.linker (>=1.9)", "sphinx"]
testing = ["pytest (>=3.5,!=3.7.3)", "pytest-black (>=0.3.7)", "pytest-checkdocs (>=1.2.3)", "pytest-cov", "pytest-enabler", "pytest-flake8", "pytest-mypy", "pytest-virtualenv"]

[[package]]
name = "pytoml"
version = "0.1.21"
description = "A parser for TOML-0.4.0"
optional = false
python-versions = "*"
files = [
    {file = "pytoml-0.1.21-py2.py3-none-any.whl", hash = "sha256:57a21e6347049f73bfb62011ff34cd72774c031b9828cb628a752225136dfc33"},
    {file = "pytoml-0.1.21.tar.gz", hash = "sha256:8eecf7c8d0adcff3b375b09fe403407aa9b645c499e5ab8cac670ac4a35f61e7"},
]

[[package]]
name = "setuptools"
version = "54.0.0"
description = "Easily download, build, install, upgrade, and uninstall Python packages"
optional = false
python-versions = ">=3.6"
files = [
    {file = "setuptools-54.0.0-py3-none-any.whl", hash = "sha256:d85b57c41e88b69ab87065c964134ec85b7573cbab0fdaa7ef32330ed764600a"},
    {file = "setuptools-54.0.0.tar.gz", hash = "sha256:34efee89c4c879204f5739ec6d9d3635195b0b7d2b51e25c9261a327367ec5ff"},
]

[package.extras]
certs = ["certifi (==2016.9.26)"]
docs = ["jaraco.packaging (>=8.2)", "pygments-github-lexers (==0.0.5)", "rst.linker (>=1.9)", "sphinx"]
ssl = ["wincertstore (==0.2)"]
testing = ["flake8-2020", "jaraco.envs", "jaraco.path (>=3.2.0)", "mock", "paver", "pip (>=19.1)", "pytest (>=3.5,!=3.7.3)", "pytest-black (>=0.3.7)", "pytest-checkdocs (>=2.4)", "pytest-cov", "pytest-enabler (>=1.0.1)", "pytest-flake8", "pytest-mypy", "pytest-virtualenv (>=1.2.7)", "pytest-xdist", "sphinx", "virtualenv (>=13.0.0)", "wheel"]

[[package]]
name = "setuptools-scm"
version = "5.0.2"
description = "the blessed package to manage your versions by scm tags"
optional = false
python-versions = "!=3.0.*,!=3.1.*,!=3.2.*,!=3.3.*,!=3.4.*,>=2.7"
files = [
    {file = "setuptools_scm-5.0.2-py2.py3-none-any.whl", hash = "sha256:bd5c4e37f74c103e117549f89aeb3c244488c4a6422df786d1a7d03257f16b34"},
    {file = "setuptools_scm-5.0.2.tar.gz", hash = "sha256:83a0cedd3449e3946307811a4c7b9d89c4b5fd464a2fb5eeccd0a5bb158ae5c8"},
]

[package.dependencies]
setuptools = "*"

[package.extras]
toml = ["toml"]

[[package]]
name = "toml"
version = "0.10.2"
description = "Python Library for Tom's Obvious, Minimal Language"
optional = false
python-versions = ">=2.6, !=3.0.*, !=3.1.*, !=3.2.*"
files = [
    {file = "toml-0.10.2-py2.py3-none-any.whl", hash = "sha256:806143ae5bfb6a3c6e736a764057db0e6a0e05e338b5630894a5f779cabb4f9b"},
    {file = "toml-0.10.2.tar.gz", hash = "sha256:b3bda1d108d5dd99f4a20d24d9c348e91c4db7ab1b749200bded2f839ccbe68f"},
]

[[package]]
name = "wheel"
version = "0.36.2"
description = "A built-package format for Python"
optional = false
python-versions = "!=3.0.*,!=3.1.*,!=3.2.*,!=3.3.*,!=3.4.*,>=2.7"
files = [
    {file = "wheel-0.36.2-py2.py3-none-any.whl", hash = "sha256:78b5b185f0e5763c26ca1e324373aadd49182ca90e825f7853f4b2509215dc0e"},
    {file = "wheel-0.36.2.tar.gz", hash = "sha256:e11eefd162658ea59a60a0f6c7d493a7190ea4b9a85e335b33489d9f17e0245e"},
]

[package.extras]
test = ["pytest (>=3.0.0)", "pytest-cov"]

[metadata]
lock-version = "2.0"
python-versions = "^3.9"
content-hash = "82e66fdec9da207381c7afc17ccdd44d27f24100938406992cff0e71d922f61a"
